
Microsoft Visual Studio Solution File, Format Version 12.00
# Visual Studio Version 16
VisualStudioVersion = 16.0.29503.13
MinimumVisualStudioVersion = 10.0.40219.1
Project("{FAE04EC0-301F-11D3-BF4B-00C04F79EFBC}") = "pageCalc", "pageCalc\pageCalc.csproj", "{9AC5D576-C92D-49F3-8B00-3F313CDAF879}"
EndProject
Global
	GlobalSection(SolutionConfigurationPlatforms) = preSolution
		Debug|Any CPU = Debug|Any CPU
		Release|Any CPU = Release|Any CPU
	EndGlobalSection
	GlobalSection(ProjectConfigurationPlatforms) = postSolution
		{9AC5D576-C92D-49F3-8B00-3F313CDAF879}.Debug|Any CPU.ActiveCfg = Debug|Any CPU
		{9AC5D576-C92D-49F3-8B00-3F313CDAF879}.Debug|Any CPU.Build.0 = Debug|Any CPU
		{9AC5D576-C92D-49F3-8B00-3F313CDAF879}.Release|Any CPU.ActiveCfg = Release|Any CPU
		{9AC5D576-C92D-49F3-8B00-3F313CDAF879}.Release|Any CPU.Build.0 = Release|Any CPU
	EndGlobalSection
	GlobalSection(SolutionProperties) = preSolution
		HideSolutionNode = FALSE
	EndGlobalSection
	GlobalSection(ExtensibilityGlobals) = postSolution
		SolutionGuid = {66A07F26-85E5-4D72-8B4D-63DB369D3DDB}
	EndGlobalSection
EndGlobal
